{
  "name": "starknetjs-101",
  "version": "1.0.0",
  "lockfileVersion": 2,
  "requires": true,
  "packages": {
    "": {
      "name": "starknetjs-101",
      "version": "1.0.0",
      "license": "ISC",
      "dependencies": {
        "starknet": "^3.10.1"
      }
    },
    "node_modules/@ethersproject/abi": {
      "version": "5.6.1",
      "resolved": "https://registry.npmjs.org/@ethersproject/abi/-/abi-5.6.1.tgz",
      "integrity": "sha512-0cqssYh6FXjlwKWBmLm3+zH2BNARoS5u/hxbz+LpQmcDB3w0W553h2btWui1/uZp2GBM/SI3KniTuMcYyHpA5w==",
      "funding": [
        {
          "type": "individual",
          "url": "https://gitcoin.co/grants/13/ethersjs-complete-simple-and-tiny-2"
        },
        {
          "type": "individual",
          "url": "https://www.buymeacoffee.com/ricmoo"
        }
      ],
      "dependencies": {
        "@ethersproject/address": "^5.6.0",
        "@ethersproject/bignumber": "^5.6.0",
        "@ethersproject/bytes": "^5.6.0",
        "@ethersproject/constants": "^5.6.0",
        "@ethersproject/hash": "^5.6.0",
        "@ethersproject/keccak256": "^5.6.0",
        "@ethersproject/logger": "^5.6.0",
        "@ethersproject/properties": "^5.6.0",
        "@ethersproject/strings": "^5.6.0"
      }
    },
    "node_modules/@ethersproject/abstract-provider": {
      "version": "5.6.0",
      "resolved": "https://registry.npmjs.org/@ethersproject/abstract-provider/-/abstract-provider-5.6.0.tgz",
      "integrity": "sha512-oPMFlKLN+g+y7a79cLK3WiLcjWFnZQtXWgnLAbHZcN3s7L4v90UHpTOrLk+m3yr0gt+/h9STTM6zrr7PM8uoRw==",
      "funding": [
        {
          "type": "individual",
          "url": "https://gitcoin.co/grants/13/ethersjs-complete-simple-and-tiny-2"
        },
        {
          "type": "individual",
          "url": "https://www.buymeacoffee.com/ricmoo"
        }
      ],
      "dependencies": {
        "@ethersproject/bignumber": "^5.6.0",
        "@ethersproject/bytes": "^5.6.0",
        "@ethersproject/logger": "^5.6.0",
        "@ethersproject/networks": "^5.6.0",
        "@ethersproject/properties": "^5.6.0",
        "@ethersproject/transactions": "^5.6.0",
        "@ethersproject/web": "^5.6.0"
      }
    },
    "node_modules/@ethersproject/abstract-signer": {
      "version": "5.6.0",
      "resolved": "https://registry.npmjs.org/@ethersproject/abstract-signer/-/abstract-signer-5.6.0.tgz",
      "integrity": "sha512-WOqnG0NJKtI8n0wWZPReHtaLkDByPL67tn4nBaDAhmVq8sjHTPbCdz4DRhVu/cfTOvfy9w3iq5QZ7BX7zw56BQ==",
      "funding": [
        {
          "type": "individual",
          "url": "https://gitcoin.co/grants/13/ethersjs-complete-simple-and-tiny-2"
        },
        {
          "type": "individual",
          "url": "https://www.buymeacoffee.com/ricmoo"
        }
      ],
      "dependencies": {
        "@ethersproject/abstract-provider": "^5.6.0",
        "@ethersproject/bignumber": "^5.6.0",
        "@ethersproject/bytes": "^5.6.0",
        "@ethersproject/logger": "^5.6.0",
        "@ethersproject/properties": "^5.6.0"
      }
    },
    "node_modules/@ethersproject/address": {
      "version": "5.6.0",
      "resolved": "https://registry.npmjs.org/@ethersproject/address/-/address-5.6.0.tgz",
      "integrity": "sha512-6nvhYXjbXsHPS+30sHZ+U4VMagFC/9zAk6Gd/h3S21YW4+yfb0WfRtaAIZ4kfM4rrVwqiy284LP0GtL5HXGLxQ==",
      "funding": [
        {
          "type": "individual",
          "url": "https://gitcoin.co/grants/13/ethersjs-complete-simple-and-tiny-2"
        },
        {
          "type": "individual",
          "url": "https://www.buymeacoffee.com/ricmoo"
        }
      ],
      "dependencies": {
        "@ethersproject/bignumber": "^5.6.0",
        "@ethersproject/bytes": "^5.6.0",
        "@ethersproject/keccak256": "^5.6.0",
        "@ethersproject/logger": "^5.6.0",
        "@ethersproject/rlp": "^5.6.0"
      }
    },
    "node_modules/@ethersproject/base64": {
      "version": "5.6.0",
      "resolved": "https://registry.npmjs.org/@ethersproject/base64/-/base64-5.6.0.tgz",
      "integrity": "sha512-2Neq8wxJ9xHxCF9TUgmKeSh9BXJ6OAxWfeGWvbauPh8FuHEjamgHilllx8KkSd5ErxyHIX7Xv3Fkcud2kY9ezw==",
      "funding": [
        {
          "type": "individual",
          "url": "https://gitcoin.co/grants/13/ethersjs-complete-simple-and-tiny-2"
        },
        {
          "type": "individual",
          "url": "https://www.buymeacoffee.com/ricmoo"
        }
      ],
      "dependencies": {
        "@ethersproject/bytes": "^5.6.0"
      }
    },
    "node_modules/@ethersproject/bignumber": {
      "version": "5.6.0",
      "resolved": "https://registry.npmjs.org/@ethersproject/bignumber/-/bignumber-5.6.0.tgz",
      "integrity": "sha512-VziMaXIUHQlHJmkv1dlcd6GY2PmT0khtAqaMctCIDogxkrarMzA9L94KN1NeXqqOfFD6r0sJT3vCTOFSmZ07DA==",
      "funding": [
        {
          "type": "individual",
          "url": "https://gitcoin.co/grants/13/ethersjs-complete-simple-and-tiny-2"
        },
        {
          "type": "individual",
          "url": "https://www.buymeacoffee.com/ricmoo"
        }
      ],
      "dependencies": {
        "@ethersproject/bytes": "^5.6.0",
        "@ethersproject/logger": "^5.6.0",
        "bn.js": "^4.11.9"
      }
    },
    "node_modules/@ethersproject/bignumber/node_modules/bn.js": {
      "version": "4.12.0",
      "resolved": "https://registry.npmjs.org/bn.js/-/bn.js-4.12.0.tgz",
      "integrity": "sha512-c98Bf3tPniI+scsdk237ku1Dc3ujXQTSgyiPUDEOe7tRkhrqridvh8klBv0HCEso1OLOYcHuCv/cS6DNxKH+ZA=="
    },
    "node_modules/@ethersproject/bytes": {
      "version": "5.6.1",
      "resolved": "https://registry.npmjs.org/@ethersproject/bytes/-/bytes-5.6.1.tgz",
      "integrity": "sha512-NwQt7cKn5+ZE4uDn+X5RAXLp46E1chXoaMmrxAyA0rblpxz8t58lVkrHXoRIn0lz1joQElQ8410GqhTqMOwc6g==",
      "funding": [
        {
          "type": "individual",
          "url": "https://gitcoin.co/grants/13/ethersjs-complete-simple-and-tiny-2"
        },
        {
          "type": "individual",
          "url": "https://www.buymeacoffee.com/ricmoo"
        }
      ],
      "dependencies": {
        "@ethersproject/logger": "^5.6.0"
      }
    },
    "node_modules/@ethersproject/constants": {
      "version": "5.6.0",
      "resolved": "https://registry.npmjs.org/@ethersproject/constants/-/constants-5.6.0.tgz",
      "integrity": "sha512-SrdaJx2bK0WQl23nSpV/b1aq293Lh0sUaZT/yYKPDKn4tlAbkH96SPJwIhwSwTsoQQZxuh1jnqsKwyymoiBdWA==",
      "funding": [
        {
          "type": "individual",
          "url": "https://gitcoin.co/grants/13/ethersjs-complete-simple-and-tiny-2"
        },
        {
          "type": "individual",
          "url": "https://www.buymeacoffee.com/ricmoo"
        }
      ],
      "dependencies": {
        "@ethersproject/bignumber": "^5.6.0"
      }
    },
    "node_modules/@ethersproject/hash": {
      "version": "5.6.0",
      "resolved": "https://registry.npmjs.org/@ethersproject/hash/-/hash-5.6.0.tgz",
      "integrity": "sha512-fFd+k9gtczqlr0/BruWLAu7UAOas1uRRJvOR84uDf4lNZ+bTkGl366qvniUZHKtlqxBRU65MkOobkmvmpHU+jA==",
      "funding": [
        {
          "type": "individual",
          "url": "https://gitcoin.co/grants/13/ethersjs-complete-simple-and-tiny-2"
        },
        {
          "type": "individual",
          "url": "https://www.buymeacoffee.com/ricmoo"
        }
      ],
      "dependencies": {
        "@ethersproject/abstract-signer": "^5.6.0",
        "@ethersproject/address": "^5.6.0",
        "@ethersproject/bignumber": "^5.6.0",
        "@ethersproject/bytes": "^5.6.0",
        "@ethersproject/keccak256": "^5.6.0",
        "@ethersproject/logger": "^5.6.0",
        "@ethersproject/properties": "^5.6.0",
        "@ethersproject/strings": "^5.6.0"
      }
    },
    "node_modules/@ethersproject/keccak256": {
      "version": "5.6.0",
      "resolved": "https://registry.npmjs.org/@ethersproject/keccak256/-/keccak256-5.6.0.tgz",
      "integrity": "sha512-tk56BJ96mdj/ksi7HWZVWGjCq0WVl/QvfhFQNeL8fxhBlGoP+L80uDCiQcpJPd+2XxkivS3lwRm3E0CXTfol0w==",
      "funding": [
        {
          "type": "individual",
          "url": "https://gitcoin.co/grants/13/ethersjs-complete-simple-and-tiny-2"
        },
        {
          "type": "individual",
          "url": "https://www.buymeacoffee.com/ricmoo"
        }
      ],
      "dependencies": {
        "@ethersproject/bytes": "^5.6.0",
        "js-sha3": "0.8.0"
      }
    },
    "node_modules/@ethersproject/logger": {
      "version": "5.6.0",
      "resolved": "https://registry.npmjs.org/@ethersproject/logger/-/logger-5.6.0.tgz",
      "integrity": "sha512-BiBWllUROH9w+P21RzoxJKzqoqpkyM1pRnEKG69bulE9TSQD8SAIvTQqIMZmmCO8pUNkgLP1wndX1gKghSpBmg==",
      "funding": [
        {
          "type": "individual",
          "url": "https://gitcoin.co/grants/13/ethersjs-complete-simple-and-tiny-2"
        },
        {
          "type": "individual",
          "url": "https://www.buymeacoffee.com/ricmoo"
        }
      ]
    },
    "node_modules/@ethersproject/networks": {
      "version": "5.6.2",
      "resolved": "https://registry.npmjs.org/@ethersproject/networks/-/networks-5.6.2.tgz",
      "integrity": "sha512-9uEzaJY7j5wpYGTojGp8U89mSsgQLc40PCMJLMCnFXTs7nhBveZ0t7dbqWUNrepWTszDbFkYD6WlL8DKx5huHA==",
      "funding": [
        {
          "type": "individual",
          "url": "https://gitcoin.co/grants/13/ethersjs-complete-simple-and-tiny-2"
        },
        {
          "type": "individual",
          "url": "https://www.buymeacoffee.com/ricmoo"
        }
      ],
      "dependencies": {
        "@ethersproject/logger": "^5.6.0"
      }
    },
    "node_modules/@ethersproject/properties": {
      "version": "5.6.0",
      "resolved": "https://registry.npmjs.org/@ethersproject/properties/-/properties-5.6.0.tgz",
      "integrity": "sha512-szoOkHskajKePTJSZ46uHUWWkbv7TzP2ypdEK6jGMqJaEt2sb0jCgfBo0gH0m2HBpRixMuJ6TBRaQCF7a9DoCg==",
      "funding": [
        {
          "type": "individual",
          "url": "https://gitcoin.co/grants/13/ethersjs-complete-simple-and-tiny-2"
        },
        {
          "type": "individual",
          "url": "https://www.buymeacoffee.com/ricmoo"
        }
      ],
      "dependencies": {
        "@ethersproject/logger": "^5.6.0"
      }
    },
    "node_modules/@ethersproject/rlp": {
      "version": "5.6.0",
      "resolved": "https://registry.npmjs.org/@ethersproject/rlp/-/rlp-5.6.0.tgz",
      "integrity": "sha512-dz9WR1xpcTL+9DtOT/aDO+YyxSSdO8YIS0jyZwHHSlAmnxA6cKU3TrTd4Xc/bHayctxTgGLYNuVVoiXE4tTq1g==",
      "funding": [
        {
          "type": "individual",
          "url": "https://gitcoin.co/grants/13/ethersjs-complete-simple-and-tiny-2"
        },
        {
          "type": "individual",
          "url": "https://www.buymeacoffee.com/ricmoo"
        }
      ],
      "dependencies": {
        "@ethersproject/bytes": "^5.6.0",
        "@ethersproject/logger": "^5.6.0"
      }
    },
    "node_modules/@ethersproject/signing-key": {
      "version": "5.6.0",
      "resolved": "https://registry.npmjs.org/@ethersproject/signing-key/-/signing-key-5.6.0.tgz",
      "integrity": "sha512-S+njkhowmLeUu/r7ir8n78OUKx63kBdMCPssePS89So1TH4hZqnWFsThEd/GiXYp9qMxVrydf7KdM9MTGPFukA==",
      "funding": [
        {
          "type": "individual",
          "url": "https://gitcoin.co/grants/13/ethersjs-complete-simple-and-tiny-2"
        },
        {
          "type": "individual",
          "url": "https://www.buymeacoffee.com/ricmoo"
        }
      ],
      "dependencies": {
        "@ethersproject/bytes": "^5.6.0",
        "@ethersproject/logger": "^5.6.0",
        "@ethersproject/properties": "^5.6.0",
        "bn.js": "^4.11.9",
        "elliptic": "6.5.4",
        "hash.js": "1.1.7"
      }
    },
    "node_modules/@ethersproject/signing-key/node_modules/bn.js": {
      "version": "4.12.0",
      "resolved": "https://registry.npmjs.org/bn.js/-/bn.js-4.12.0.tgz",
      "integrity": "sha512-c98Bf3tPniI+scsdk237ku1Dc3ujXQTSgyiPUDEOe7tRkhrqridvh8klBv0HCEso1OLOYcHuCv/cS6DNxKH+ZA=="
    },
    "node_modules/@ethersproject/strings": {
      "version": "5.6.0",
      "resolved": "https://registry.npmjs.org/@ethersproject/strings/-/strings-5.6.0.tgz",
      "integrity": "sha512-uv10vTtLTZqrJuqBZR862ZQjTIa724wGPWQqZrofaPI/kUsf53TBG0I0D+hQ1qyNtllbNzaW+PDPHHUI6/65Mg==",
      "funding": [
        {
          "type": "individual",
          "url": "https://gitcoin.co/grants/13/ethersjs-complete-simple-and-tiny-2"
        },
        {
          "type": "individual",
          "url": "https://www.buymeacoffee.com/ricmoo"
        }
      ],
      "dependencies": {
        "@ethersproject/bytes": "^5.6.0",
        "@ethersproject/constants": "^5.6.0",
        "@ethersproject/logger": "^5.6.0"
      }
    },
    "node_modules/@ethersproject/transactions": {
      "version": "5.6.0",
      "resolved": "https://registry.npmjs.org/@ethersproject/transactions/-/transactions-5.6.0.tgz",
      "integrity": "sha512-4HX+VOhNjXHZyGzER6E/LVI2i6lf9ejYeWD6l4g50AdmimyuStKc39kvKf1bXWQMg7QNVh+uC7dYwtaZ02IXeg==",
      "funding": [
        {
          "type": "individual",
          "url": "https://gitcoin.co/grants/13/ethersjs-complete-simple-and-tiny-2"
        },
        {
          "type": "individual",
          "url": "https://www.buymeacoffee.com/ricmoo"
        }
      ],
      "dependencies": {
        "@ethersproject/address": "^5.6.0",
        "@ethersproject/bignumber": "^5.6.0",
        "@ethersproject/bytes": "^5.6.0",
        "@ethersproject/constants": "^5.6.0",
        "@ethersproject/keccak256": "^5.6.0",
        "@ethersproject/logger": "^5.6.0",
        "@ethersproject/properties": "^5.6.0",
        "@ethersproject/rlp": "^5.6.0",
        "@ethersproject/signing-key": "^5.6.0"
      }
    },
    "node_modules/@ethersproject/web": {
      "version": "5.6.0",
      "resolved": "https://registry.npmjs.org/@ethersproject/web/-/web-5.6.0.tgz",
      "integrity": "sha512-G/XHj0hV1FxI2teHRfCGvfBUHFmU+YOSbCxlAMqJklxSa7QMiHFQfAxvwY2PFqgvdkxEKwRNr/eCjfAPEm2Ctg==",
      "funding": [
        {
          "type": "individual",
          "url": "https://gitcoin.co/grants/13/ethersjs-complete-simple-and-tiny-2"
        },
        {
          "type": "individual",
          "url": "https://www.buymeacoffee.com/ricmoo"
        }
      ],
      "dependencies": {
        "@ethersproject/base64": "^5.6.0",
        "@ethersproject/bytes": "^5.6.0",
        "@ethersproject/logger": "^5.6.0",
        "@ethersproject/properties": "^5.6.0",
        "@ethersproject/strings": "^5.6.0"
      }
    },
    "node_modules/@ledgerhq/cryptoassets": {
      "version": "6.27.1",
      "resolved": "https://registry.npmjs.org/@ledgerhq/cryptoassets/-/cryptoassets-6.27.1.tgz",
      "integrity": "sha512-kUsCATnxurYuAQ4dGBgaw+eUOGlX9IZvDPQlElrvb8/Kd2p6U5scpl5RX/YFnjkjGNmE4BhQioUslQGpNa3sZQ==",
      "dependencies": {
        "invariant": "2"
      }
    },
    "node_modules/@ledgerhq/devices": {
      "version": "6.27.1",
      "resolved": "https://registry.npmjs.org/@ledgerhq/devices/-/devices-6.27.1.tgz",
      "integrity": "sha512-jX++oy89jtv7Dp2X6gwt3MMkoajel80JFWcdc0HCouwDsV1mVJ3SQdwl/bQU0zd8HI6KebvUP95QTwbQLLK/RQ==",
      "dependencies": {
        "@ledgerhq/errors": "^6.10.0",
        "@ledgerhq/logs": "^6.10.0",
        "rxjs": "6",
        "semver": "^7.3.5"
      }
    },
    "node_modules/@ledgerhq/errors": {
      "version": "6.10.0",
      "resolved": "https://registry.npmjs.org/@ledgerhq/errors/-/errors-6.10.0.tgz",
      "integrity": "sha512-fQFnl2VIXh9Yd41lGjReCeK+Q2hwxQJvLZfqHnKqWapTz68NHOv5QcI0OHuZVNEbv0xhgdLhi5b65kgYeQSUVg=="
    },
    "node_modules/@ledgerhq/hw-app-eth": {
      "version": "6.27.1",
      "resolved": "https://registry.npmjs.org/@ledgerhq/hw-app-eth/-/hw-app-eth-6.27.1.tgz",
      "integrity": "sha512-5v9D00syMWMDM0k7xGOWTx3LFHNCfoKF+MysHVvWOdo9JEZj1ZAVKdmSW9sbegtIf3lQUfbXTK63BDKmE3xu6Q==",
      "dependencies": {
        "@ethersproject/abi": "^5.5.0",
        "@ethersproject/rlp": "^5.5.0",
        "@ledgerhq/cryptoassets": "^6.27.1",
        "@ledgerhq/errors": "^6.10.0",
        "@ledgerhq/hw-transport": "^6.27.1",
        "@ledgerhq/logs": "^6.10.0",
        "axios": "^0.26.1",
        "bignumber.js": "^9.0.2"
      }
    },
    "node_modules/@ledgerhq/hw-app-eth/node_modules/axios": {
      "version": "0.26.1",
      "resolved": "https://registry.npmjs.org/axios/-/axios-0.26.1.tgz",
      "integrity": "sha512-fPwcX4EvnSHuInCMItEhAGnaSEXRBjtzh9fOtsE6E1G6p7vl7edEeZe11QHf18+6+9gR5PbKV/sGKNaD8YaMeA==",
      "dependencies": {
        "follow-redirects": "^1.14.8"
      }
    },
    "node_modules/@ledgerhq/hw-transport": {
      "version": "6.27.1",
      "resolved": "https://registry.npmjs.org/@ledgerhq/hw-transport/-/hw-transport-6.27.1.tgz",
      "integrity": "sha512-hnE4/Fq1YzQI4PA1W0H8tCkI99R3UWDb3pJeZd6/Xs4Qw/q1uiQO+vNLC6KIPPhK0IajUfuI/P2jk0qWcMsuAQ==",
      "dependencies": {
        "@ledgerhq/devices": "^6.27.1",
        "@ledgerhq/errors": "^6.10.0",
        "events": "^3.3.0"
      }
    },
    "node_modules/@ledgerhq/hw-transport-webhid": {
      "version": "6.27.1",
      "resolved": "https://registry.npmjs.org/@ledgerhq/hw-transport-webhid/-/hw-transport-webhid-6.27.1.tgz",
      "integrity": "sha512-u74rBYlibpbyGblSn74fRs2pMM19gEAkYhfVibq0RE1GNFjxDMFC1n7Sb+93Jqmz8flyfB4UFJsxs8/l1tm2Kw==",
      "dependencies": {
        "@ledgerhq/devices": "^6.27.1",
        "@ledgerhq/errors": "^6.10.0",
        "@ledgerhq/hw-transport": "^6.27.1",
        "@ledgerhq/logs": "^6.10.0"
      }
    },
    "node_modules/@ledgerhq/logs": {
      "version": "6.10.0",
      "resolved": "https://registry.npmjs.org/@ledgerhq/logs/-/logs-6.10.0.tgz",
      "integrity": "sha512-lLseUPEhSFUXYTKj6q7s2O3s2vW2ebgA11vMAlKodXGf5AFw4zUoEbTz9CoFOC9jS6xY4Qr8BmRnxP/odT4Uuw=="
    },
    "node_modules/@noble/hashes": {
      "version": "0.5.9",
      "resolved": "https://registry.npmjs.org/@noble/hashes/-/hashes-0.5.9.tgz",
      "integrity": "sha512-7lN1Qh6d8DUGmfN36XRsbN/WcGIPNtTGhkw26vWId/DlCIGsYJJootTtPGghTLcn/AaXPx2Q0b3cacrwXa7OVw=="
    },
    "node_modules/@noble/secp256k1": {
      "version": "1.5.5",
      "resolved": "https://registry.npmjs.org/@noble/secp256k1/-/secp256k1-1.5.5.tgz",
      "integrity": "sha512-sZ1W6gQzYnu45wPrWx8D3kwI2/U29VYTx9OjbDAd7jwRItJ0cSTMPRL/C8AWZFn9kWFLQGqEXVEE86w4Z8LpIQ==",
      "funding": [
        {
          "type": "individual",
          "url": "https://paulmillr.com/funding/"
        }
      ]
    },
    "node_modules/axios": {
      "version": "0.23.0",
      "resolved": "https://registry.npmjs.org/axios/-/axios-0.23.0.tgz",
      "integrity": "sha512-NmvAE4i0YAv5cKq8zlDoPd1VLKAqX5oLuZKs8xkJa4qi6RGn0uhCYFjWtHHC9EM/MwOwYWOs53W+V0aqEXq1sg==",
      "dependencies": {
        "follow-redirects": "^1.14.4"
      }
    },
    "node_modules/bignumber.js": {
      "version": "9.0.2",
      "resolved": "https://registry.npmjs.org/bignumber.js/-/bignumber.js-9.0.2.tgz",
      "integrity": "sha512-GAcQvbpsM0pUb0zw1EI0KhQEZ+lRwR5fYaAp3vPOYuP7aDvGy6cVN6XHLauvF8SOga2y0dcLcjt3iQDTSEliyw==",
      "engines": {
        "node": "*"
      }
    },
    "node_modules/bn.js": {
      "version": "5.2.0",
      "resolved": "https://registry.npmjs.org/bn.js/-/bn.js-5.2.0.tgz",
      "integrity": "sha512-D7iWRBvnZE8ecXiLj/9wbxH7Tk79fAh8IHaTNq1RWRixsS02W+5qS+iE9yq6RYl0asXx5tw0bLhmT5pIfbSquw=="
    },
    "node_modules/brorand": {
      "version": "1.1.0",
      "resolved": "https://registry.npmjs.org/brorand/-/brorand-1.1.0.tgz",
      "integrity": "sha1-EsJe/kCkXjwyPrhnWgoM5XsiNx8="
    },
    "node_modules/elliptic": {
      "version": "6.5.4",
      "resolved": "https://registry.npmjs.org/elliptic/-/elliptic-6.5.4.tgz",
      "integrity": "sha512-iLhC6ULemrljPZb+QutR5TQGB+pdW6KGD5RSegS+8sorOZT+rdQFbsQFJgvN3eRqNALqJer4oQ16YvJHlU8hzQ==",
      "dependencies": {
        "bn.js": "^4.11.9",
        "brorand": "^1.1.0",
        "hash.js": "^1.0.0",
        "hmac-drbg": "^1.0.1",
        "inherits": "^2.0.4",
        "minimalistic-assert": "^1.0.1",
        "minimalistic-crypto-utils": "^1.0.1"
      }
    },
    "node_modules/elliptic/node_modules/bn.js": {
      "version": "4.12.0",
      "resolved": "https://registry.npmjs.org/bn.js/-/bn.js-4.12.0.tgz",
      "integrity": "sha512-c98Bf3tPniI+scsdk237ku1Dc3ujXQTSgyiPUDEOe7tRkhrqridvh8klBv0HCEso1OLOYcHuCv/cS6DNxKH+ZA=="
    },
    "node_modules/ethereum-cryptography": {
      "version": "0.2.5",
      "resolved": "https://registry.npmjs.org/ethereum-cryptography/-/ethereum-cryptography-0.2.5.tgz",
      "integrity": "sha512-aWvqiegXgSTwbuDE1DDnM7taLteLcHVHh5nMZnnD2dwlvH6w5bOxcdXW20oS+1aLDorDlrK1c82stB8jsLDN5Q==",
      "dependencies": {
        "@noble/hashes": "^0.5.7",
        "@noble/secp256k1": "^1.4.0",
        "micro-base": "^0.10.1"
      }
    },
    "node_modules/events": {
      "version": "3.3.0",
      "resolved": "https://registry.npmjs.org/events/-/events-3.3.0.tgz",
      "integrity": "sha512-mQw+2fkQbALzQ7V0MY0IqdnXNOeTtP4r0lN9z7AAawCXgqea7bDii20AYrIBrFd/Hx0M2Ocz6S111CaFkUcb0Q==",
      "engines": {
        "node": ">=0.8.x"
      }
    },
    "node_modules/follow-redirects": {
      "version": "1.14.9",
      "resolved": "https://registry.npmjs.org/follow-redirects/-/follow-redirects-1.14.9.tgz",
      "integrity": "sha512-MQDfihBQYMcyy5dhRDJUHcw7lb2Pv/TuE6xP1vyraLukNDHKbDxDNaOE3NbCAdKQApno+GPRyo1YAp89yCjK4w==",
      "funding": [
        {
          "type": "individual",
          "url": "https://github.com/sponsors/RubenVerborgh"
        }
      ],
      "engines": {
        "node": ">=4.0"
      },
      "peerDependenciesMeta": {
        "debug": {
          "optional": true
        }
      }
    },
    "node_modules/hash.js": {
      "version": "1.1.7",
      "resolved": "https://registry.npmjs.org/hash.js/-/hash.js-1.1.7.tgz",
      "integrity": "sha512-taOaskGt4z4SOANNseOviYDvjEJinIkRgmp7LbKP2YTTmVxWBl87s/uzK9r+44BclBSp2X7K1hqeNfz9JbBeXA==",
      "dependencies": {
        "inherits": "^2.0.3",
        "minimalistic-assert": "^1.0.1"
      }
    },
    "node_modules/hmac-drbg": {
      "version": "1.0.1",
      "resolved": "https://registry.npmjs.org/hmac-drbg/-/hmac-drbg-1.0.1.tgz",
      "integrity": "sha1-0nRXAQJabHdabFRXk+1QL8DGSaE=",
      "dependencies": {
        "hash.js": "^1.0.3",
        "minimalistic-assert": "^1.0.0",
        "minimalistic-crypto-utils": "^1.0.1"
      }
    },
    "node_modules/inherits": {
      "version": "2.0.4",
      "resolved": "https://registry.npmjs.org/inherits/-/inherits-2.0.4.tgz",
      "integrity": "sha512-k/vGaX4/Yla3WzyMCvTQOXYeIHvqOKtnqBduzTHpzpQZzAskKMhZ2K+EnBiSM9zGSoIFeMpXKxa4dYeZIQqewQ=="
    },
    "node_modules/invariant": {
      "version": "2.2.4",
      "resolved": "https://registry.npmjs.org/invariant/-/invariant-2.2.4.tgz",
      "integrity": "sha512-phJfQVBuaJM5raOpJjSfkiD6BpbCE4Ns//LaXl6wGYtUBY83nWS6Rf9tXm2e8VaK60JEjYldbPif/A2B1C2gNA==",
      "dependencies": {
        "loose-envify": "^1.0.0"
      }
    },
    "node_modules/js-sha3": {
      "version": "0.8.0",
      "resolved": "https://registry.npmjs.org/js-sha3/-/js-sha3-0.8.0.tgz",
      "integrity": "sha512-gF1cRrHhIzNfToc802P800N8PpXS+evLLXfsVpowqmAFR9uwbi89WvXg2QspOmXL8QL86J4T1EpFu+yUkwJY3Q=="
    },
    "node_modules/js-tokens": {
      "version": "4.0.0",
      "resolved": "https://registry.npmjs.org/js-tokens/-/js-tokens-4.0.0.tgz",
      "integrity": "sha512-RdJUflcE3cUzKiMqQgsCu06FPu9UdIJO0beYbPhHN4k6apgJtifcoCtT9bcxOpYBtpD2kCM6Sbzg4CausW/PKQ=="
    },
    "node_modules/json-bigint": {
      "version": "1.0.0",
      "resolved": "https://registry.npmjs.org/json-bigint/-/json-bigint-1.0.0.tgz",
      "integrity": "sha512-SiPv/8VpZuWbvLSMtTDU8hEfrZWg/mH/nV/b4o0CYbSxu1UIQPLdwKOCIyLQX+VIPO5vrLX3i8qtqFyhdPSUSQ==",
      "dependencies": {
        "bignumber.js": "^9.0.0"
      }
    },
    "node_modules/loose-envify": {
      "version": "1.4.0",
      "resolved": "https://registry.npmjs.org/loose-envify/-/loose-envify-1.4.0.tgz",
      "integrity": "sha512-lyuxPGr/Wfhrlem2CL/UcnUc1zcqKAImBDzukY7Y5F/yQiNdko6+fRLevlw1HgMySw7f611UIY408EtxRSoK3Q==",
      "dependencies": {
        "js-tokens": "^3.0.0 || ^4.0.0"
      },
      "bin": {
        "loose-envify": "cli.js"
      }
    },
    "node_modules/lru-cache": {
      "version": "6.0.0",
      "resolved": "https://registry.npmjs.org/lru-cache/-/lru-cache-6.0.0.tgz",
      "integrity": "sha512-Jo6dJ04CmSjuznwJSS3pUeWmd/H0ffTlkXXgwZi+eq1UCmqQwCh+eLsYOYCwY991i2Fah4h1BEMCx4qThGbsiA==",
      "dependencies": {
        "yallist": "^4.0.0"
      },
      "engines": {
        "node": ">=10"
      }
    },
    "node_modules/micro-base": {
      "version": "0.10.2",
      "resolved": "https://registry.npmjs.org/micro-base/-/micro-base-0.10.2.tgz",
      "integrity": "sha512-lqqJrT7lfJtDmmiQ4zRLZuIJBk96t0RAc5pCrrWpL9zDeH5i/SUL85mku9HqzTI/OCZ8EQ3aicbMW+eK5Nyu5w==",
      "deprecated": "Switch to @scure/base for audited version of the lib & updates"
    },
    "node_modules/minimalistic-assert": {
      "version": "1.0.1",
      "resolved": "https://registry.npmjs.org/minimalistic-assert/-/minimalistic-assert-1.0.1.tgz",
      "integrity": "sha512-UtJcAD4yEaGtjPezWuO9wC4nwUnVH/8/Im3yEHQP4b67cXlD/Qr9hdITCU1xDbSEXg2XKNaP8jsReV7vQd00/A=="
    },
    "node_modules/minimalistic-crypto-utils": {
      "version": "1.0.1",
      "resolved": "https://registry.npmjs.org/minimalistic-crypto-utils/-/minimalistic-crypto-utils-1.0.1.tgz",
      "integrity": "sha1-9sAMHAsIIkblxNmd+4x8CDsrWCo="
    },
    "node_modules/pako": {
      "version": "2.0.4",
      "resolved": "https://registry.npmjs.org/pako/-/pako-2.0.4.tgz",
      "integrity": "sha512-v8tweI900AUkZN6heMU/4Uy4cXRc2AYNRggVmTR+dEncawDJgCdLMximOVA2p4qO57WMynangsfGRb5WD6L1Bg=="
    },
    "node_modules/rxjs": {
      "version": "6.6.7",
      "resolved": "https://registry.npmjs.org/rxjs/-/rxjs-6.6.7.tgz",
      "integrity": "sha512-hTdwr+7yYNIT5n4AMYp85KA6yw2Va0FLa3Rguvbpa4W3I5xynaBZo41cM3XM+4Q6fRMj3sBYIR1VAmZMXYJvRQ==",
      "dependencies": {
        "tslib": "^1.9.0"
      },
      "engines": {
        "npm": ">=2.0.0"
      }
    },
    "node_modules/semver": {
      "version": "7.3.7",
      "resolved": "https://registry.npmjs.org/semver/-/semver-7.3.7.tgz",
      "integrity": "sha512-QlYTucUYOews+WeEujDoEGziz4K6c47V/Bd+LjSSYcA94p+DmINdf7ncaUinThfvZyu13lN9OY1XDxt8C0Tw0g==",
      "dependencies": {
        "lru-cache": "^6.0.0"
      },
      "bin": {
        "semver": "bin/semver.js"
      },
      "engines": {
        "node": ">=10"
      }
    },
    "node_modules/starknet": {
      "version": "3.10.1",
      "resolved": "https://registry.npmjs.org/starknet/-/starknet-3.10.1.tgz",
      "integrity": "sha512-1ZbBhYK77cX6aJz+zcp8U3s01iSN3Y18cHfN55Rn+98+D5LTnSr1cVFJ9Q0MYiThIpKy1XUhYjmbBqzutzyCZg==",
      "dependencies": {
        "@ledgerhq/hw-app-eth": "^6.26.0",
        "@ledgerhq/hw-transport": "^6.24.1",
        "@ledgerhq/hw-transport-webhid": "^6.24.1",
        "axios": "^0.23.0",
        "bn.js": "^5.2.0",
        "elliptic": "^6.5.4",
        "ethereum-cryptography": "^0.2.0",
        "hash.js": "^1.1.7",
        "json-bigint": "^1.0.0",
        "minimalistic-assert": "^1.0.1",
        "pako": "^2.0.4",
        "superstruct": "^0.15.3",
        "url-join": "^4.0.1"
      }
    },
    "node_modules/superstruct": {
      "version": "0.15.4",
      "resolved": "https://registry.npmjs.org/superstruct/-/superstruct-0.15.4.tgz",
      "integrity": "sha512-eOoMeSbP9ZJChNOm/9RYjE+F36rYR966AAqeG3xhQB02j2sfAUXDp4EQ/7bAOqnlJnuFDB8yvOu50SocvKpUEw=="
    },
    "node_modules/tslib": {
      "version": "1.14.1",
      "resolved": "https://registry.npmjs.org/tslib/-/tslib-1.14.1.tgz",
      "integrity": "sha512-Xni35NKzjgMrwevysHTCArtLDpPvye8zV/0E4EyYn43P7/7qvQwPh9BGkHewbMulVntbigmcT7rdX3BNo9wRJg=="
    },
    "node_modules/url-join": {
      "version": "4.0.1",
      "resolved": "https://registry.npmjs.org/url-join/-/url-join-4.0.1.tgz",
      "integrity": "sha512-jk1+QP6ZJqyOiuEI9AEWQfju/nB2Pw466kbA0LEZljHwKeMgd9WrAEgEGxjPDD2+TNbbb37rTyhEfrCXfuKXnA=="
    },
    "node_modules/yallist": {
      "version": "4.0.0",
      "resolved": "https://registry.npmjs.org/yallist/-/yallist-4.0.0.tgz",
      "integrity": "sha512-3wdGidZyq5PB084XLES5TpOSRA3wjXAlIWMhum2kRcv/41Sn2emQ0dycQW4uZXLejwKvg6EsvbdlVL+FYEct7A=="
    }
  },
  "dependencies": {
    "@ethersproject/abi": {
      "version": "5.6.1",
      "resolved": "https://registry.npmjs.org/@ethersproject/abi/-/abi-5.6.1.tgz",
      "integrity": "sha512-0cqssYh6FXjlwKWBmLm3+zH2BNARoS5u/hxbz+LpQmcDB3w0W553h2btWui1/uZp2GBM/SI3KniTuMcYyHpA5w==",
      "requires": {
        "@ethersproject/address": "^5.6.0",
        "@ethersproject/bignumber": "^5.6.0",
        "@ethersproject/bytes": "^5.6.0",
        "@ethersproject/constants": "^5.6.0",
        "@ethersproject/hash": "^5.6.0",
        "@ethersproject/keccak256": "^5.6.0",
        "@ethersproject/logger": "^5.6.0",
        "@ethersproject/properties": "^5.6.0",
        "@ethersproject/strings": "^5.6.0"
      }
    },
    "@ethersproject/abstract-provider": {
      "version": "5.6.0",
      "resolved": "https://registry.npmjs.org/@ethersproject/abstract-provider/-/abstract-provider-5.6.0.tgz",
      "integrity": "sha512-oPMFlKLN+g+y7a79cLK3WiLcjWFnZQtXWgnLAbHZcN3s7L4v90UHpTOrLk+m3yr0gt+/h9STTM6zrr7PM8uoRw==",
      "requires": {
        "@ethersproject/bignumber": "^5.6.0",
        "@ethersproject/bytes": "^5.6.0",
        "@ethersproject/logger": "^5.6.0",
        "@ethersproject/networks": "^5.6.0",
        "@ethersproject/properties": "^5.6.0",
        "@ethersproject/transactions": "^5.6.0",
        "@ethersproject/web": "^5.6.0"
      }
    },
    "@ethersproject/abstract-signer": {
      "version": "5.6.0",
      "resolved": "https://registry.npmjs.org/@ethersproject/abstract-signer/-/abstract-signer-5.6.0.tgz",
      "integrity": "sha512-WOqnG0NJKtI8n0wWZPReHtaLkDByPL67tn4nBaDAhmVq8sjHTPbCdz4DRhVu/cfTOvfy9w3iq5QZ7BX7zw56BQ==",
      "requires": {
        "@ethersproject/abstract-provider": "^5.6.0",
        "@ethersproject/bignumber": "^5.6.0",
        "@ethersproject/bytes": "^5.6.0",
        "@ethersproject/logger": "^5.6.0",
        "@ethersproject/properties": "^5.6.0"
      }
    },
    "@ethersproject/address": {
      "version": "5.6.0",
      "resolved": "https://registry.npmjs.org/@ethersproject/address/-/address-5.6.0.tgz",
      "integrity": "sha512-6nvhYXjbXsHPS+30sHZ+U4VMagFC/9zAk6Gd/h3S21YW4+yfb0WfRtaAIZ4kfM4rrVwqiy284LP0GtL5HXGLxQ==",
      "requires": {
        "@ethersproject/bignumber": "^5.6.0",
        "@ethersproject/bytes": "^5.6.0",
        "@ethersproject/keccak256": "^5.6.0",
        "@ethersproject/logger": "^5.6.0",
        "@ethersproject/rlp": "^5.6.0"
      }
    },
    "@ethersproject/base64": {
      "version": "5.6.0",
      "resolved": "https://registry.npmjs.org/@ethersproject/base64/-/base64-5.6.0.tgz",
      "integrity": "sha512-2Neq8wxJ9xHxCF9TUgmKeSh9BXJ6OAxWfeGWvbauPh8FuHEjamgHilllx8KkSd5ErxyHIX7Xv3Fkcud2kY9ezw==",
      "requires": {
        "@ethersproject/bytes": "^5.6.0"
      }
    },
    "@ethersproject/bignumber": {
      "version": "5.6.0",
      "resolved": "https://registry.npmjs.org/@ethersproject/bignumber/-/bignumber-5.6.0.tgz",
      "integrity": "sha512-VziMaXIUHQlHJmkv1dlcd6GY2PmT0khtAqaMctCIDogxkrarMzA9L94KN1NeXqqOfFD6r0sJT3vCTOFSmZ07DA==",
      "requires": {
        "@ethersproject/bytes": "^5.6.0",
        "@ethersproject/logger": "^5.6.0",
        "bn.js": "^4.11.9"
      },
      "dependencies": {
        "bn.js": {
          "version": "4.12.0",
          "resolved": "https://registry.npmjs.org/bn.js/-/bn.js-4.12.0.tgz",
          "integrity": "sha512-c98Bf3tPniI+scsdk237ku1Dc3ujXQTSgyiPUDEOe7tRkhrqridvh8klBv0HCEso1OLOYcHuCv/cS6DNxKH+ZA=="
        }
      }
    },
    "@ethersproject/bytes": {
      "version": "5.6.1",
      "resolved": "https://registry.npmjs.org/@ethersproject/bytes/-/bytes-5.6.1.tgz",
      "integrity": "sha512-NwQt7cKn5+ZE4uDn+X5RAXLp46E1chXoaMmrxAyA0rblpxz8t58lVkrHXoRIn0lz1joQElQ8410GqhTqMOwc6g==",
      "requires": {
        "@ethersproject/logger": "^5.6.0"
      }
    },
    "@ethersproject/constants": {
      "version": "5.6.0",
      "resolved": "https://registry.npmjs.org/@ethersproject/constants/-/constants-5.6.0.tgz",
      "integrity": "sha512-SrdaJx2bK0WQl23nSpV/b1aq293Lh0sUaZT/yYKPDKn4tlAbkH96SPJwIhwSwTsoQQZxuh1jnqsKwyymoiBdWA==",
      "requires": {
        "@ethersproject/bignumber": "^5.6.0"
      }
    },
    "@ethersproject/hash": {
      "version": "5.6.0",
      "resolved": "https://registry.npmjs.org/@ethersproject/hash/-/hash-5.6.0.tgz",
      "integrity": "sha512-fFd+k9gtczqlr0/BruWLAu7UAOas1uRRJvOR84uDf4lNZ+bTkGl366qvniUZHKtlqxBRU65MkOobkmvmpHU+jA==",
      "requires": {
        "@ethersproject/abstract-signer": "^5.6.0",
        "@ethersproject/address": "^5.6.0",
        "@ethersproject/bignumber": "^5.6.0",
        "@ethersproject/bytes": "^5.6.0",
        "@ethersproject/keccak256": "^5.6.0",
        "@ethersproject/logger": "^5.6.0",
        "@ethersproject/properties": "^5.6.0",
        "@ethersproject/strings": "^5.6.0"
      }
    },
    "@ethersproject/keccak256": {
      "version": "5.6.0",
      "resolved": "https://registry.npmjs.org/@ethersproject/keccak256/-/keccak256-5.6.0.tgz",
      "integrity": "sha512-tk56BJ96mdj/ksi7HWZVWGjCq0WVl/QvfhFQNeL8fxhBlGoP+L80uDCiQcpJPd+2XxkivS3lwRm3E0CXTfol0w==",
      "requires": {
        "@ethersproject/bytes": "^5.6.0",
        "js-sha3": "0.8.0"
      }
    },
    "@ethersproject/logger": {
      "version": "5.6.0",
      "resolved": "https://registry.npmjs.org/@ethersproject/logger/-/logger-5.6.0.tgz",
      "integrity": "sha512-BiBWllUROH9w+P21RzoxJKzqoqpkyM1pRnEKG69bulE9TSQD8SAIvTQqIMZmmCO8pUNkgLP1wndX1gKghSpBmg=="
    },
    "@ethersproject/networks": {
      "version": "5.6.2",
      "resolved": "https://registry.npmjs.org/@ethersproject/networks/-/networks-5.6.2.tgz",
      "integrity": "sha512-9uEzaJY7j5wpYGTojGp8U89mSsgQLc40PCMJLMCnFXTs7nhBveZ0t7dbqWUNrepWTszDbFkYD6WlL8DKx5huHA==",
      "requires": {
        "@ethersproject/logger": "^5.6.0"
      }
    },
    "@ethersproject/properties": {
      "version": "5.6.0",
      "resolved": "https://registry.npmjs.org/@ethersproject/properties/-/properties-5.6.0.tgz",
      "integrity": "sha512-szoOkHskajKePTJSZ46uHUWWkbv7TzP2ypdEK6jGMqJaEt2sb0jCgfBo0gH0m2HBpRixMuJ6TBRaQCF7a9DoCg==",
      "requires": {
        "@ethersproject/logger": "^5.6.0"
      }
    },
    "@ethersproject/rlp": {
      "version": "5.6.0",
      "resolved": "https://registry.npmjs.org/@ethersproject/rlp/-/rlp-5.6.0.tgz",
      "integrity": "sha512-dz9WR1xpcTL+9DtOT/aDO+YyxSSdO8YIS0jyZwHHSlAmnxA6cKU3TrTd4Xc/bHayctxTgGLYNuVVoiXE4tTq1g==",
      "requires": {
        "@ethersproject/bytes": "^5.6.0",
        "@ethersproject/logger": "^5.6.0"
      }
    },
    "@ethersproject/signing-key": {
      "version": "5.6.0",
      "resolved": "https://registry.npmjs.org/@ethersproject/signing-key/-/signing-key-5.6.0.tgz",
      "integrity": "sha512-S+njkhowmLeUu/r7ir8n78OUKx63kBdMCPssePS89So1TH4hZqnWFsThEd/GiXYp9qMxVrydf7KdM9MTGPFukA==",
      "requires": {
        "@ethersproject/bytes": "^5.6.0",
        "@ethersproject/logger": "^5.6.0",
        "@ethersproject/properties": "^5.6.0",
        "bn.js": "^4.11.9",
        "elliptic": "6.5.4",
        "hash.js": "1.1.7"
      },
      "dependencies": {
        "bn.js": {
          "version": "4.12.0",
          "resolved": "https://registry.npmjs.org/bn.js/-/bn.js-4.12.0.tgz",
          "integrity": "sha512-c98Bf3tPniI+scsdk237ku1Dc3ujXQTSgyiPUDEOe7tRkhrqridvh8klBv0HCEso1OLOYcHuCv/cS6DNxKH+ZA=="
        }
      }
    },
    "@ethersproject/strings": {
      "version": "5.6.0",
      "resolved": "https://registry.npmjs.org/@ethersproject/strings/-/strings-5.6.0.tgz",
      "integrity": "sha512-uv10vTtLTZqrJuqBZR862ZQjTIa724wGPWQqZrofaPI/kUsf53TBG0I0D+hQ1qyNtllbNzaW+PDPHHUI6/65Mg==",
      "requires": {
        "@ethersproject/bytes": "^5.6.0",
        "@ethersproject/constants": "^5.6.0",
        "@ethersproject/logger": "^5.6.0"
      }
    },
    "@ethersproject/transactions": {
      "version": "5.6.0",
      "resolved": "https://registry.npmjs.org/@ethersproject/transactions/-/transactions-5.6.0.tgz",
      "integrity": "sha512-4HX+VOhNjXHZyGzER6E/LVI2i6lf9ejYeWD6l4g50AdmimyuStKc39kvKf1bXWQMg7QNVh+uC7dYwtaZ02IXeg==",
      "requires": {
        "@ethersproject/address": "^5.6.0",
        "@ethersproject/bignumber": "^5.6.0",
        "@ethersproject/bytes": "^5.6.0",
        "@ethersproject/constants": "^5.6.0",
        "@ethersproject/keccak256": "^5.6.0",
        "@ethersproject/logger": "^5.6.0",
        "@ethersproject/properties": "^5.6.0",
        "@ethersproject/rlp": "^5.6.0",
        "@ethersproject/signing-key": "^5.6.0"
      }
    },
    "@ethersproject/web": {
      "version": "5.6.0",
      "resolved": "https://registry.npmjs.org/@ethersproject/web/-/web-5.6.0.tgz",
      "integrity": "sha512-G/XHj0hV1FxI2teHRfCGvfBUHFmU+YOSbCxlAMqJklxSa7QMiHFQfAxvwY2PFqgvdkxEKwRNr/eCjfAPEm2Ctg==",
      "requires": {
        "@ethersproject/base64": "^5.6.0",
        "@ethersproject/bytes": "^5.6.0",
        "@ethersproject/logger": "^5.6.0",
        "@ethersproject/properties": "^5.6.0",
        "@ethersproject/strings": "^5.6.0"
      }
    },
    "@ledgerhq/cryptoassets": {
      "version": "6.27.1",
      "resolved": "https://registry.npmjs.org/@ledgerhq/cryptoassets/-/cryptoassets-6.27.1.tgz",
      "integrity": "sha512-kUsCATnxurYuAQ4dGBgaw+eUOGlX9IZvDPQlElrvb8/Kd2p6U5scpl5RX/YFnjkjGNmE4BhQioUslQGpNa3sZQ==",
      "requires": {
        "invariant": "2"
      }
    },
    "@ledgerhq/devices": {
      "version": "6.27.1",
      "resolved": "https://registry.npmjs.org/@ledgerhq/devices/-/devices-6.27.1.tgz",
      "integrity": "sha512-jX++oy89jtv7Dp2X6gwt3MMkoajel80JFWcdc0HCouwDsV1mVJ3SQdwl/bQU0zd8HI6KebvUP95QTwbQLLK/RQ==",
      "requires": {
        "@ledgerhq/errors": "^6.10.0",
        "@ledgerhq/logs": "^6.10.0",
        "rxjs": "6",
        "semver": "^7.3.5"
      }
    },
    "@ledgerhq/errors": {
      "version": "6.10.0",
      "resolved": "https://registry.npmjs.org/@ledgerhq/errors/-/errors-6.10.0.tgz",
      "integrity": "sha512-fQFnl2VIXh9Yd41lGjReCeK+Q2hwxQJvLZfqHnKqWapTz68NHOv5QcI0OHuZVNEbv0xhgdLhi5b65kgYeQSUVg=="
    },
    "@ledgerhq/hw-app-eth": {
      "version": "6.27.1",
      "resolved": "https://registry.npmjs.org/@ledgerhq/hw-app-eth/-/hw-app-eth-6.27.1.tgz",
      "integrity": "sha512-5v9D00syMWMDM0k7xGOWTx3LFHNCfoKF+MysHVvWOdo9JEZj1ZAVKdmSW9sbegtIf3lQUfbXTK63BDKmE3xu6Q==",
      "requires": {
        "@ethersproject/abi": "^5.5.0",
        "@ethersproject/rlp": "^5.5.0",
        "@ledgerhq/cryptoassets": "^6.27.1",
        "@ledgerhq/errors": "^6.10.0",
        "@ledgerhq/hw-transport": "^6.27.1",
        "@ledgerhq/logs": "^6.10.0",
        "axios": "^0.26.1",
        "bignumber.js": "^9.0.2"
      },
      "dependencies": {
        "axios": {
          "version": "0.26.1",
          "resolved": "https://registry.npmjs.org/axios/-/axios-0.26.1.tgz",
          "integrity": "sha512-fPwcX4EvnSHuInCMItEhAGnaSEXRBjtzh9fOtsE6E1G6p7vl7edEeZe11QHf18+6+9gR5PbKV/sGKNaD8YaMeA==",
          "requires": {
            "follow-redirects": "^1.14.8"
          }
        }
      }
    },
    "@ledgerhq/hw-transport": {
      "version": "6.27.1",
      "resolved": "https://registry.npmjs.org/@ledgerhq/hw-transport/-/hw-transport-6.27.1.tgz",
      "integrity": "sha512-hnE4/Fq1YzQI4PA1W0H8tCkI99R3UWDb3pJeZd6/Xs4Qw/q1uiQO+vNLC6KIPPhK0IajUfuI/P2jk0qWcMsuAQ==",
      "requires": {
        "@ledgerhq/devices": "^6.27.1",
        "@ledgerhq/errors": "^6.10.0",
        "events": "^3.3.0"
      }
    },
    "@ledgerhq/hw-transport-webhid": {
      "version": "6.27.1",
      "resolved": "https://registry.npmjs.org/@ledgerhq/hw-transport-webhid/-/hw-transport-webhid-6.27.1.tgz",
      "integrity": "sha512-u74rBYlibpbyGblSn74fRs2pMM19gEAkYhfVibq0RE1GNFjxDMFC1n7Sb+93Jqmz8flyfB4UFJsxs8/l1tm2Kw==",
      "requires": {
        "@ledgerhq/devices": "^6.27.1",
        "@ledgerhq/errors": "^6.10.0",
        "@ledgerhq/hw-transport": "^6.27.1",
        "@ledgerhq/logs": "^6.10.0"
      }
    },
    "@ledgerhq/logs": {
      "version": "6.10.0",
      "resolved": "https://registry.npmjs.org/@ledgerhq/logs/-/logs-6.10.0.tgz",
      "integrity": "sha512-lLseUPEhSFUXYTKj6q7s2O3s2vW2ebgA11vMAlKodXGf5AFw4zUoEbTz9CoFOC9jS6xY4Qr8BmRnxP/odT4Uuw=="
    },
    "@noble/hashes": {
      "version": "0.5.9",
      "resolved": "https://registry.npmjs.org/@noble/hashes/-/hashes-0.5.9.tgz",
      "integrity": "sha512-7lN1Qh6d8DUGmfN36XRsbN/WcGIPNtTGhkw26vWId/DlCIGsYJJootTtPGghTLcn/AaXPx2Q0b3cacrwXa7OVw=="
    },
    "@noble/secp256k1": {
      "version": "1.5.5",
      "resolved": "https://registry.npmjs.org/@noble/secp256k1/-/secp256k1-1.5.5.tgz",
      "integrity": "sha512-sZ1W6gQzYnu45wPrWx8D3kwI2/U29VYTx9OjbDAd7jwRItJ0cSTMPRL/C8AWZFn9kWFLQGqEXVEE86w4Z8LpIQ=="
    },
    "axios": {
      "version": "0.23.0",
      "resolved": "https://registry.npmjs.org/axios/-/axios-0.23.0.tgz",
      "integrity": "sha512-NmvAE4i0YAv5cKq8zlDoPd1VLKAqX5oLuZKs8xkJa4qi6RGn0uhCYFjWtHHC9EM/MwOwYWOs53W+V0aqEXq1sg==",
      "requires": {
        "follow-redirects": "^1.14.4"
      }
    },
    "bignumber.js": {
      "version": "9.0.2",
      "resolved": "https://registry.npmjs.org/bignumber.js/-/bignumber.js-9.0.2.tgz",
      "integrity": "sha512-GAcQvbpsM0pUb0zw1EI0KhQEZ+lRwR5fYaAp3vPOYuP7aDvGy6cVN6XHLauvF8SOga2y0dcLcjt3iQDTSEliyw=="
    },
    "bn.js": {
      "version": "5.2.0",
      "resolved": "https://registry.npmjs.org/bn.js/-/bn.js-5.2.0.tgz",
      "integrity": "sha512-D7iWRBvnZE8ecXiLj/9wbxH7Tk79fAh8IHaTNq1RWRixsS02W+5qS+iE9yq6RYl0asXx5tw0bLhmT5pIfbSquw=="
    },
    "brorand": {
      "version": "1.1.0",
      "resolved": "https://registry.npmjs.org/brorand/-/brorand-1.1.0.tgz",
      "integrity": "sha1-EsJe/kCkXjwyPrhnWgoM5XsiNx8="
    },
    "elliptic": {
      "version": "6.5.4",
      "resolved": "https://registry.npmjs.org/elliptic/-/elliptic-6.5.4.tgz",
      "integrity": "sha512-iLhC6ULemrljPZb+QutR5TQGB+pdW6KGD5RSegS+8sorOZT+rdQFbsQFJgvN3eRqNALqJer4oQ16YvJHlU8hzQ==",
      "requires": {
        "bn.js": "^4.11.9",
        "brorand": "^1.1.0",
        "hash.js": "^1.0.0",
        "hmac-drbg": "^1.0.1",
        "inherits": "^2.0.4",
        "minimalistic-assert": "^1.0.1",
        "minimalistic-crypto-utils": "^1.0.1"
      },
      "dependencies": {
        "bn.js": {
          "version": "4.12.0",
          "resolved": "https://registry.npmjs.org/bn.js/-/bn.js-4.12.0.tgz",
          "integrity": "sha512-c98Bf3tPniI+scsdk237ku1Dc3ujXQTSgyiPUDEOe7tRkhrqridvh8klBv0HCEso1OLOYcHuCv/cS6DNxKH+ZA=="
        }
      }
    },
    "ethereum-cryptography": {
      "version": "0.2.5",
      "resolved": "https://registry.npmjs.org/ethereum-cryptography/-/ethereum-cryptography-0.2.5.tgz",
      "integrity": "sha512-aWvqiegXgSTwbuDE1DDnM7taLteLcHVHh5nMZnnD2dwlvH6w5bOxcdXW20oS+1aLDorDlrK1c82stB8jsLDN5Q==",
      "requires": {
        "@noble/hashes": "^0.5.7",
        "@noble/secp256k1": "^1.4.0",
        "micro-base": "^0.10.1"
      }
    },
    "events": {
      "version": "3.3.0",
      "resolved": "https://registry.npmjs.org/events/-/events-3.3.0.tgz",
      "integrity": "sha512-mQw+2fkQbALzQ7V0MY0IqdnXNOeTtP4r0lN9z7AAawCXgqea7bDii20AYrIBrFd/Hx0M2Ocz6S111CaFkUcb0Q=="
    },
    "follow-redirects": {
      "version": "1.14.9",
      "resolved": "https://registry.npmjs.org/follow-redirects/-/follow-redirects-1.14.9.tgz",
      "integrity": "sha512-MQDfihBQYMcyy5dhRDJUHcw7lb2Pv/TuE6xP1vyraLukNDHKbDxDNaOE3NbCAdKQApno+GPRyo1YAp89yCjK4w=="
    },
    "hash.js": {
      "version": "1.1.7",
      "resolved": "https://registry.npmjs.org/hash.js/-/hash.js-1.1.7.tgz",
      "integrity": "sha512-taOaskGt4z4SOANNseOviYDvjEJinIkRgmp7LbKP2YTTmVxWBl87s/uzK9r+44BclBSp2X7K1hqeNfz9JbBeXA==",
      "requires": {
        "inherits": "^2.0.3",
        "minimalistic-assert": "^1.0.1"
      }
    },
    "hmac-drbg": {
      "version": "1.0.1",
      "resolved": "https://registry.npmjs.org/hmac-drbg/-/hmac-drbg-1.0.1.tgz",
      "integrity": "sha1-0nRXAQJabHdabFRXk+1QL8DGSaE=",
      "requires": {
        "hash.js": "^1.0.3",
        "minimalistic-assert": "^1.0.0",
        "minimalistic-crypto-utils": "^1.0.1"
      }
    },
    "inherits": {
      "version": "2.0.4",
      "resolved": "https://registry.npmjs.org/inherits/-/inherits-2.0.4.tgz",
      "integrity": "sha512-k/vGaX4/Yla3WzyMCvTQOXYeIHvqOKtnqBduzTHpzpQZzAskKMhZ2K+EnBiSM9zGSoIFeMpXKxa4dYeZIQqewQ=="
    },
    "invariant": {
      "version": "2.2.4",
      "resolved": "https://registry.npmjs.org/invariant/-/invariant-2.2.4.tgz",
      "integrity": "sha512-phJfQVBuaJM5raOpJjSfkiD6BpbCE4Ns//LaXl6wGYtUBY83nWS6Rf9tXm2e8VaK60JEjYldbPif/A2B1C2gNA==",
      "requires": {
        "loose-envify": "^1.0.0"
      }
    },
    "js-sha3": {
      "version": "0.8.0",
      "resolved": "https://registry.npmjs.org/js-sha3/-/js-sha3-0.8.0.tgz",
      "integrity": "sha512-gF1cRrHhIzNfToc802P800N8PpXS+evLLXfsVpowqmAFR9uwbi89WvXg2QspOmXL8QL86J4T1EpFu+yUkwJY3Q=="
    },
    "js-tokens": {
      "version": "4.0.0",
      "resolved": "https://registry.npmjs.org/js-tokens/-/js-tokens-4.0.0.tgz",
      "integrity": "sha512-RdJUflcE3cUzKiMqQgsCu06FPu9UdIJO0beYbPhHN4k6apgJtifcoCtT9bcxOpYBtpD2kCM6Sbzg4CausW/PKQ=="
    },
    "json-bigint": {
      "version": "1.0.0",
      "resolved": "https://registry.npmjs.org/json-bigint/-/json-bigint-1.0.0.tgz",
      "integrity": "sha512-SiPv/8VpZuWbvLSMtTDU8hEfrZWg/mH/nV/b4o0CYbSxu1UIQPLdwKOCIyLQX+VIPO5vrLX3i8qtqFyhdPSUSQ==",
      "requires": {
        "bignumber.js": "^9.0.0"
      }
    },
    "loose-envify": {
      "version": "1.4.0",
      "resolved": "https://registry.npmjs.org/loose-envify/-/loose-envify-1.4.0.tgz",
      "integrity": "sha512-lyuxPGr/Wfhrlem2CL/UcnUc1zcqKAImBDzukY7Y5F/yQiNdko6+fRLevlw1HgMySw7f611UIY408EtxRSoK3Q==",
      "requires": {
        "js-tokens": "^3.0.0 || ^4.0.0"
      }
    },
    "lru-cache": {
      "version": "6.0.0",
      "resolved": "https://registry.npmjs.org/lru-cache/-/lru-cache-6.0.0.tgz",
      "integrity": "sha512-Jo6dJ04CmSjuznwJSS3pUeWmd/H0ffTlkXXgwZi+eq1UCmqQwCh+eLsYOYCwY991i2Fah4h1BEMCx4qThGbsiA==",
      "requires": {
        "yallist": "^4.0.0"
      }
    },
    "micro-base": {
      "version": "0.10.2",
      "resolved": "https://registry.npmjs.org/micro-base/-/micro-base-0.10.2.tgz",
      "integrity": "sha512-lqqJrT7lfJtDmmiQ4zRLZuIJBk96t0RAc5pCrrWpL9zDeH5i/SUL85mku9HqzTI/OCZ8EQ3aicbMW+eK5Nyu5w=="
    },
    "minimalistic-assert": {
      "version": "1.0.1",
      "resolved": "https://registry.npmjs.org/minimalistic-assert/-/minimalistic-assert-1.0.1.tgz",
      "integrity": "sha512-UtJcAD4yEaGtjPezWuO9wC4nwUnVH/8/Im3yEHQP4b67cXlD/Qr9hdITCU1xDbSEXg2XKNaP8jsReV7vQd00/A=="
    },
    "minimalistic-crypto-utils": {
      "version": "1.0.1",
      "resolved": "https://registry.npmjs.org/minimalistic-crypto-utils/-/minimalistic-crypto-utils-1.0.1.tgz",
      "integrity": "sha1-9sAMHAsIIkblxNmd+4x8CDsrWCo="
    },
    "pako": {
      "version": "2.0.4",
      "resolved": "https://registry.npmjs.org/pako/-/pako-2.0.4.tgz",
      "integrity": "sha512-v8tweI900AUkZN6heMU/4Uy4cXRc2AYNRggVmTR+dEncawDJgCdLMximOVA2p4qO57WMynangsfGRb5WD6L1Bg=="
    },
    "rxjs": {
      "version": "6.6.7",
      "resolved": "https://registry.npmjs.org/rxjs/-/rxjs-6.6.7.tgz",
      "integrity": "sha512-hTdwr+7yYNIT5n4AMYp85KA6yw2Va0FLa3Rguvbpa4W3I5xynaBZo41cM3XM+4Q6fRMj3sBYIR1VAmZMXYJvRQ==",
      "requires": {
        "tslib": "^1.9.0"
      }
    },
    "semver": {
      "version": "7.3.7",
      "resolved": "https://registry.npmjs.org/semver/-/semver-7.3.7.tgz",
      "integrity": "sha512-QlYTucUYOews+WeEujDoEGziz4K6c47V/Bd+LjSSYcA94p+DmINdf7ncaUinThfvZyu13lN9OY1XDxt8C0Tw0g==",
      "requires": {
        "lru-cache": "^6.0.0"
      }
    },
    "starknet": {
      "version": "3.10.1",
      "resolved": "https://registry.npmjs.org/starknet/-/starknet-3.10.1.tgz",
      "integrity": "sha512-1ZbBhYK77cX6aJz+zcp8U3s01iSN3Y18cHfN55Rn+98+D5LTnSr1cVFJ9Q0MYiThIpKy1XUhYjmbBqzutzyCZg==",
      "requires": {
        "@ledgerhq/hw-app-eth": "^6.26.0",
        "@ledgerhq/hw-transport": "^6.24.1",
        "@ledgerhq/hw-transport-webhid": "^6.24.1",
        "axios": "^0.23.0",
        "bn.js": "^5.2.0",
        "elliptic": "^6.5.4",
        "ethereum-cryptography": "^0.2.0",
        "hash.js": "^1.1.7",
        "json-bigint": "^1.0.0",
        "minimalistic-assert": "^1.0.1",
        "pako": "^2.0.4",
        "superstruct": "^0.15.3",
        "url-join": "^4.0.1"
      }
    },
    "superstruct": {
      "version": "0.15.4",
      "resolved": "https://registry.npmjs.org/superstruct/-/superstruct-0.15.4.tgz",
      "integrity": "sha512-eOoMeSbP9ZJChNOm/9RYjE+F36rYR966AAqeG3xhQB02j2sfAUXDp4EQ/7bAOqnlJnuFDB8yvOu50SocvKpUEw=="
    },
    "tslib": {
      "version": "1.14.1",
      "resolved": "https://registry.npmjs.org/tslib/-/tslib-1.14.1.tgz",
      "integrity": "sha512-Xni35NKzjgMrwevysHTCArtLDpPvye8zV/0E4EyYn43P7/7qvQwPh9BGkHewbMulVntbigmcT7rdX3BNo9wRJg=="
    },
    "url-join": {
      "version": "4.0.1",
      "resolved": "https://registry.npmjs.org/url-join/-/url-join-4.0.1.tgz",
      "integrity": "sha512-jk1+QP6ZJqyOiuEI9AEWQfju/nB2Pw466kbA0LEZljHwKeMgd9WrAEgEGxjPDD2+TNbbb37rTyhEfrCXfuKXnA=="
    },
    "yallist": {
      "version": "4.0.0",
      "resolved": "https://registry.npmjs.org/yallist/-/yallist-4.0.0.tgz",
      "integrity": "sha512-3wdGidZyq5PB084XLES5TpOSRA3wjXAlIWMhum2kRcv/41Sn2emQ0dycQW4uZXLejwKvg6EsvbdlVL+FYEct7A=="
    }
  }
}
